
Microsoft Visual Studio Solution File, Format Version 12.00
# Visual Studio Version 16
VisualStudioVersion = 16.0.30204.135
MinimumVisualStudioVersion = 10.0.40219.1
Project("{FAE04EC0-301F-11D3-BF4B-00C04F79EFBC}") = "RubikCube", "RubikCube\RubikCube.csproj", "{46BB5370-0CA3-4A89-80C5-BA794B7527CD}"
EndProject
Global
	GlobalSection(SolutionConfigurationPlatforms) = preSolution
		Debug|Any CPU = Debug|Any CPU
		Release|Any CPU = Release|Any CPU
	EndGlobalSection
	GlobalSection(ProjectConfigurationPlatforms) = postSolution
		{46BB5370-0CA3-4A89-80C5-BA794B7527CD}.Debug|Any CPU.ActiveCfg = Debug|Any CPU
		{46BB5370-0CA3-4A89-80C5-BA794B7527CD}.Debug|Any CPU.Build.0 = Debug|Any CPU
		{46BB5370-0CA3-4A89-80C5-BA794B7527CD}.Release|Any CPU.ActiveCfg = Release|Any CPU
		{46BB5370-0CA3-4A89-80C5-BA794B7527CD}.Release|Any CPU.Build.0 = Release|Any CPU
	EndGlobalSection
	GlobalSection(SolutionProperties) = preSolution
		HideSolutionNode = FALSE
	EndGlobalSection
	GlobalSection(ExtensibilityGlobals) = postSolution
		SolutionGuid = {C93BF422-C702-4E67-9CC4-E0D2340FC87F}
	EndGlobalSection
EndGlobal
